
Microsoft Visual Studio Solution File, Format Version 12.00
# Visual Studio 2013
VisualStudioVersion = 12.0.21005.1
MinimumVisualStudioVersion = 10.0.40219.1
Project("{FAE04EC0-301F-11D3-BF4B-00C04F79EFBC}") = "01. ReadIntegerCheckIfInvalid", "ReadIntegerCheckIfInvalid\01. ReadIntegerCheckIfInvalid.csproj", "{9BBD64EE-A84C-4A88-840C-2E117D472597}"
EndProject
Project("{FAE04EC0-301F-11D3-BF4B-00C04F79EFBC}") = "02. ReadNumberMethod", "ReadNumberMethod\02. ReadNumberMethod.csproj", "{D20BEFDB-2B5C-4EE5-BB55-176BEAF82D23}"
EndProject
Project("{FAE04EC0-301F-11D3-BF4B-00C04F79EFBC}") = "03. ReadWinIniAndPrintsIt", "ReadWinIniAndPrintsIt\03. ReadWinIniAndPrintsIt.csproj", "{B225676F-CB55-4456-89CD-53AC5FFEE7AB}"
EndProject
Project("{FAE04EC0-301F-11D3-BF4B-00C04F79EFBC}") = "04. DownloadFileProgram", "DownloadFileProgram\04. DownloadFileProgram.csproj", "{B4BE148D-8EA6-4347-93C3-08DE067E483D}"
EndProject
Global
	GlobalSection(SolutionConfigurationPlatforms) = preSolution
		Debug|Any CPU = Debug|Any CPU
		Release|Any CPU = Release|Any CPU
	EndGlobalSection
	GlobalSection(ProjectConfigurationPlatforms) = postSolution
		{9BBD64EE-A84C-4A88-840C-2E117D472597}.Debug|Any CPU.ActiveCfg = Debug|Any CPU
		{9BBD64EE-A84C-4A88-840C-2E117D472597}.Debug|Any CPU.Build.0 = Debug|Any CPU
		{9BBD64EE-A84C-4A88-840C-2E117D472597}.Release|Any CPU.ActiveCfg = Release|Any CPU
		{9BBD64EE-A84C-4A88-840C-2E117D472597}.Release|Any CPU.Build.0 = Release|Any CPU
		{D20BEFDB-2B5C-4EE5-BB55-176BEAF82D23}.Debug|Any CPU.ActiveCfg = Debug|Any CPU
		{D20BEFDB-2B5C-4EE5-BB55-176BEAF82D23}.Debug|Any CPU.Build.0 = Debug|Any CPU
		{D20BEFDB-2B5C-4EE5-BB55-176BEAF82D23}.Release|Any CPU.ActiveCfg = Release|Any CPU
		{D20BEFDB-2B5C-4EE5-BB55-176BEAF82D23}.Release|Any CPU.Build.0 = Release|Any CPU
		{B225676F-CB55-4456-89CD-53AC5FFEE7AB}.Debug|Any CPU.ActiveCfg = Debug|Any CPU
		{B225676F-CB55-4456-89CD-53AC5FFEE7AB}.Debug|Any CPU.Build.0 = Debug|Any CPU
		{B225676F-CB55-4456-89CD-53AC5FFEE7AB}.Release|Any CPU.ActiveCfg = Release|Any CPU
		{B225676F-CB55-4456-89CD-53AC5FFEE7AB}.Release|Any CPU.Build.0 = Release|Any CPU
		{B4BE148D-8EA6-4347-93C3-08DE067E483D}.Debug|Any CPU.ActiveCfg = Debug|Any CPU
		{B4BE148D-8EA6-4347-93C3-08DE067E483D}.Debug|Any CPU.Build.0 = Debug|Any CPU
		{B4BE148D-8EA6-4347-93C3-08DE067E483D}.Release|Any CPU.ActiveCfg = Release|Any CPU
		{B4BE148D-8EA6-4347-93C3-08DE067E483D}.Release|Any CPU.Build.0 = Release|Any CPU
	EndGlobalSection
	GlobalSection(SolutionProperties) = preSolution
		HideSolutionNode = FALSE
	EndGlobalSection
EndGlobal
