
Microsoft Visual Studio Solution File, Format Version 12.00
# Visual Studio 2013
VisualStudioVersion = 12.0.21005.1
MinimumVisualStudioVersion = 10.0.40219.1
Project("{FAE04EC0-301F-11D3-BF4B-00C04F79EFBC}") = "TaskOne", "TaskOne\TaskOne.csproj", "{1CA61138-2DD4-40FF-90AC-43E2A89D1499}"
EndProject
Project("{FAE04EC0-301F-11D3-BF4B-00C04F79EFBC}") = "TaskTwo", "TaskTwo\TaskTwo.csproj", "{1DFD6465-8631-42AD-9439-531702C5670B}"
EndProject
Global
	GlobalSection(SolutionConfigurationPlatforms) = preSolution
		Debug|Any CPU = Debug|Any CPU
		Release|Any CPU = Release|Any CPU
	EndGlobalSection
	GlobalSection(ProjectConfigurationPlatforms) = postSolution
		{1CA61138-2DD4-40FF-90AC-43E2A89D1499}.Debug|Any CPU.ActiveCfg = Debug|Any CPU
		{1CA61138-2DD4-40FF-90AC-43E2A89D1499}.Debug|Any CPU.Build.0 = Debug|Any CPU
		{1CA61138-2DD4-40FF-90AC-43E2A89D1499}.Release|Any CPU.ActiveCfg = Release|Any CPU
		{1CA61138-2DD4-40FF-90AC-43E2A89D1499}.Release|Any CPU.Build.0 = Release|Any CPU
		{1DFD6465-8631-42AD-9439-531702C5670B}.Debug|Any CPU.ActiveCfg = Debug|Any CPU
		{1DFD6465-8631-42AD-9439-531702C5670B}.Debug|Any CPU.Build.0 = Debug|Any CPU
		{1DFD6465-8631-42AD-9439-531702C5670B}.Release|Any CPU.ActiveCfg = Release|Any CPU
		{1DFD6465-8631-42AD-9439-531702C5670B}.Release|Any CPU.Build.0 = Release|Any CPU
	EndGlobalSection
	GlobalSection(SolutionProperties) = preSolution
		HideSolutionNode = FALSE
	EndGlobalSection
EndGlobal
