
Microsoft Visual Studio Solution File, Format Version 12.00
# Visual Studio 2013
VisualStudioVersion = 12.0.21005.1
MinimumVisualStudioVersion = 10.0.40219.1
Project("{FAE04EC0-301F-11D3-BF4B-00C04F79EFBC}") = "01. School", "School\01. School.csproj", "{3F0BC8B8-CE08-4FB4-AEA1-0DCDB0B83124}"
EndProject
Project("{FAE04EC0-301F-11D3-BF4B-00C04F79EFBC}") = "02. Human", "Human\02. Human.csproj", "{77006152-9266-418E-8905-6C99CDB35A79}"
EndProject
Project("{FAE04EC0-301F-11D3-BF4B-00C04F79EFBC}") = "03. Animals", "Animals\03. Animals.csproj", "{D3B687C0-73B3-4274-9823-F5666120E8B5}"
EndProject
Global
	GlobalSection(SolutionConfigurationPlatforms) = preSolution
		Debug|Any CPU = Debug|Any CPU
		Release|Any CPU = Release|Any CPU
	EndGlobalSection
	GlobalSection(ProjectConfigurationPlatforms) = postSolution
		{3F0BC8B8-CE08-4FB4-AEA1-0DCDB0B83124}.Debug|Any CPU.ActiveCfg = Debug|Any CPU
		{3F0BC8B8-CE08-4FB4-AEA1-0DCDB0B83124}.Debug|Any CPU.Build.0 = Debug|Any CPU
		{3F0BC8B8-CE08-4FB4-AEA1-0DCDB0B83124}.Release|Any CPU.ActiveCfg = Release|Any CPU
		{3F0BC8B8-CE08-4FB4-AEA1-0DCDB0B83124}.Release|Any CPU.Build.0 = Release|Any CPU
		{77006152-9266-418E-8905-6C99CDB35A79}.Debug|Any CPU.ActiveCfg = Debug|Any CPU
		{77006152-9266-418E-8905-6C99CDB35A79}.Debug|Any CPU.Build.0 = Debug|Any CPU
		{77006152-9266-418E-8905-6C99CDB35A79}.Release|Any CPU.ActiveCfg = Release|Any CPU
		{77006152-9266-418E-8905-6C99CDB35A79}.Release|Any CPU.Build.0 = Release|Any CPU
		{D3B687C0-73B3-4274-9823-F5666120E8B5}.Debug|Any CPU.ActiveCfg = Debug|Any CPU
		{D3B687C0-73B3-4274-9823-F5666120E8B5}.Debug|Any CPU.Build.0 = Debug|Any CPU
		{D3B687C0-73B3-4274-9823-F5666120E8B5}.Release|Any CPU.ActiveCfg = Release|Any CPU
		{D3B687C0-73B3-4274-9823-F5666120E8B5}.Release|Any CPU.Build.0 = Release|Any CPU
	EndGlobalSection
	GlobalSection(SolutionProperties) = preSolution
		HideSolutionNode = FALSE
	EndGlobalSection
EndGlobal
