
Microsoft Visual Studio Solution File, Format Version 12.00
# Visual Studio 2013
VisualStudioVersion = 12.0.21005.1
MinimumVisualStudioVersion = 10.0.40219.1
Project("{FAE04EC0-301F-11D3-BF4B-00C04F79EFBC}") = "TaskOne", "TaskOne\TaskOne.csproj", "{ADE84786-4D9C-4890-A458-E9ED89B7ACA5}"
EndProject
Project("{FAE04EC0-301F-11D3-BF4B-00C04F79EFBC}") = "TaskTwo", "TaskTwo\TaskTwo.csproj", "{35242370-BB51-4F1B-A12F-583E9A361C62}"
EndProject
Project("{FAE04EC0-301F-11D3-BF4B-00C04F79EFBC}") = "TaskThree", "TaskThree\TaskThree.csproj", "{4BBB0944-1C2F-4F41-B730-F2E21CF156A6}"
EndProject
Global
	GlobalSection(SolutionConfigurationPlatforms) = preSolution
		Debug|Any CPU = Debug|Any CPU
		Release|Any CPU = Release|Any CPU
	EndGlobalSection
	GlobalSection(ProjectConfigurationPlatforms) = postSolution
		{ADE84786-4D9C-4890-A458-E9ED89B7ACA5}.Debug|Any CPU.ActiveCfg = Debug|Any CPU
		{ADE84786-4D9C-4890-A458-E9ED89B7ACA5}.Debug|Any CPU.Build.0 = Debug|Any CPU
		{ADE84786-4D9C-4890-A458-E9ED89B7ACA5}.Release|Any CPU.ActiveCfg = Release|Any CPU
		{ADE84786-4D9C-4890-A458-E9ED89B7ACA5}.Release|Any CPU.Build.0 = Release|Any CPU
		{35242370-BB51-4F1B-A12F-583E9A361C62}.Debug|Any CPU.ActiveCfg = Debug|Any CPU
		{35242370-BB51-4F1B-A12F-583E9A361C62}.Debug|Any CPU.Build.0 = Debug|Any CPU
		{35242370-BB51-4F1B-A12F-583E9A361C62}.Release|Any CPU.ActiveCfg = Release|Any CPU
		{35242370-BB51-4F1B-A12F-583E9A361C62}.Release|Any CPU.Build.0 = Release|Any CPU
		{4BBB0944-1C2F-4F41-B730-F2E21CF156A6}.Debug|Any CPU.ActiveCfg = Debug|Any CPU
		{4BBB0944-1C2F-4F41-B730-F2E21CF156A6}.Debug|Any CPU.Build.0 = Debug|Any CPU
		{4BBB0944-1C2F-4F41-B730-F2E21CF156A6}.Release|Any CPU.ActiveCfg = Release|Any CPU
		{4BBB0944-1C2F-4F41-B730-F2E21CF156A6}.Release|Any CPU.Build.0 = Release|Any CPU
	EndGlobalSection
	GlobalSection(SolutionProperties) = preSolution
		HideSolutionNode = FALSE
	EndGlobalSection
EndGlobal
